
Microsoft Visual Studio Solution File, Format Version 12.00
# 
Project("{2150E333-8FDC-42A3-9474-1A3956D46DE8}") = "src", "src", "{D38882B6-3724-4E3A-A05B-3020B1217367}"
EndProject
Project("{FAE04EC0-301F-11D3-BF4B-00C04F79EFBC}") = "FootballDataPlatform.Application", "src\FootballDataPlatform.Application\FootballDataPlatform.Application.csproj", "{1E1A1C20-EC52-4615-8F33-C5A570CD8B1B}"
EndProject
Project("{FAE04EC0-301F-11D3-BF4B-00C04F79EFBC}") = "FootballDataPlatform.Contracts", "src\FootballDataPlatform.Contracts\FootballDataPlatform.Contracts.csproj", "{5329FA94-5E9F-4636-A9D6-15362FFCAA4A}"
EndProject
Project("{FAE04EC0-301F-11D3-BF4B-00C04F79EFBC}") = "FootballDataPlatform.Domain", "src\FootballDataPlatform.Domain\FootballDataPlatform.Domain.csproj", "{35A64249-F19B-49E9-9412-7BE883AC68E2}"
EndProject
Project("{FAE04EC0-301F-11D3-BF4B-00C04F79EFBC}") = "FootballDataPlatform.Infrastructure", "src\FootballDataPlatform.Infrastructure\FootballDataPlatform.Infrastructure.csproj", "{FE0D4C5F-47BC-471D-8E64-BCACAD035DD0}"
EndProject
Project("{FAE04EC0-301F-11D3-BF4B-00C04F79EFBC}") = "FootballDataPlatform.Api", "src\FootballDataPlatform.Api\FootballDataPlatform.Api.csproj", "{0053839D-2838-48D9-9153-5F614EAC2B6D}"
EndProject
Project("{2150E333-8FDC-42A3-9474-1A3956D46DE8}") = "tests", "tests", "{4EA49DF5-8D1E-493C-954C-011C0E2FB198}"
EndProject
Project("{FAE04EC0-301F-11D3-BF4B-00C04F79EFBC}") = "FootballDataPlatform.Tests", "tests\FootballDataPlatform.Tests\FootballDataPlatform.Tests.csproj", "{A8E87E1E-707C-4A34-B262-438EAB9A4AD9}"
EndProject
Global
	GlobalSection(SolutionConfigurationPlatforms) = preSolution
		Debug|Any CPU = Debug|Any CPU
		Release|Any CPU = Release|Any CPU
	EndGlobalSection
	GlobalSection(ProjectConfigurationPlatforms) = postSolution
		{1E1A1C20-EC52-4615-8F33-C5A570CD8B1B}.Debug|Any CPU.ActiveCfg = Debug|Any CPU
		{1E1A1C20-EC52-4615-8F33-C5A570CD8B1B}.Debug|Any CPU.Build.0 = Debug|Any CPU
		{1E1A1C20-EC52-4615-8F33-C5A570CD8B1B}.Release|Any CPU.ActiveCfg = Release|Any CPU
		{1E1A1C20-EC52-4615-8F33-C5A570CD8B1B}.Release|Any CPU.Build.0 = Release|Any CPU
		{5329FA94-5E9F-4636-A9D6-15362FFCAA4A}.Debug|Any CPU.ActiveCfg = Debug|Any CPU
		{5329FA94-5E9F-4636-A9D6-15362FFCAA4A}.Debug|Any CPU.Build.0 = Debug|Any CPU
		{5329FA94-5E9F-4636-A9D6-15362FFCAA4A}.Release|Any CPU.ActiveCfg = Release|Any CPU
		{5329FA94-5E9F-4636-A9D6-15362FFCAA4A}.Release|Any CPU.Build.0 = Release|Any CPU
		{35A64249-F19B-49E9-9412-7BE883AC68E2}.Debug|Any CPU.ActiveCfg = Debug|Any CPU
		{35A64249-F19B-49E9-9412-7BE883AC68E2}.Debug|Any CPU.Build.0 = Debug|Any CPU
		{35A64249-F19B-49E9-9412-7BE883AC68E2}.Release|Any CPU.ActiveCfg = Release|Any CPU
		{35A64249-F19B-49E9-9412-7BE883AC68E2}.Release|Any CPU.Build.0 = Release|Any CPU
		{FE0D4C5F-47BC-471D-8E64-BCACAD035DD0}.Debug|Any CPU.ActiveCfg = Debug|Any CPU
		{FE0D4C5F-47BC-471D-8E64-BCACAD035DD0}.Debug|Any CPU.Build.0 = Debug|Any CPU
		{FE0D4C5F-47BC-471D-8E64-BCACAD035DD0}.Release|Any CPU.ActiveCfg = Release|Any CPU
		{FE0D4C5F-47BC-471D-8E64-BCACAD035DD0}.Release|Any CPU.Build.0 = Release|Any CPU
		{0053839D-2838-48D9-9153-5F614EAC2B6D}.Debug|Any CPU.ActiveCfg = Debug|Any CPU
		{0053839D-2838-48D9-9153-5F614EAC2B6D}.Debug|Any CPU.Build.0 = Debug|Any CPU
		{0053839D-2838-48D9-9153-5F614EAC2B6D}.Release|Any CPU.ActiveCfg = Release|Any CPU
		{0053839D-2838-48D9-9153-5F614EAC2B6D}.Release|Any CPU.Build.0 = Release|Any CPU
		{A8E87E1E-707C-4A34-B262-438EAB9A4AD9}.Debug|Any CPU.ActiveCfg = Debug|Any CPU
		{A8E87E1E-707C-4A34-B262-438EAB9A4AD9}.Debug|Any CPU.Build.0 = Debug|Any CPU
		{A8E87E1E-707C-4A34-B262-438EAB9A4AD9}.Release|Any CPU.ActiveCfg = Release|Any CPU
		{A8E87E1E-707C-4A34-B262-438EAB9A4AD9}.Release|Any CPU.Build.0 = Release|Any CPU
	EndGlobalSection
	GlobalSection(NestedProjects) = preSolution
		{1E1A1C20-EC52-4615-8F33-C5A570CD8B1B} = {D38882B6-3724-4E3A-A05B-3020B1217367}
		{5329FA94-5E9F-4636-A9D6-15362FFCAA4A} = {D38882B6-3724-4E3A-A05B-3020B1217367}
		{35A64249-F19B-49E9-9412-7BE883AC68E2} = {D38882B6-3724-4E3A-A05B-3020B1217367}
		{FE0D4C5F-47BC-471D-8E64-BCACAD035DD0} = {D38882B6-3724-4E3A-A05B-3020B1217367}
		{0053839D-2838-48D9-9153-5F614EAC2B6D} = {D38882B6-3724-4E3A-A05B-3020B1217367}
		{A8E87E1E-707C-4A34-B262-438EAB9A4AD9} = {4EA49DF5-8D1E-493C-954C-011C0E2FB198}
	EndGlobalSection
EndGlobal
